
Microsoft Visual Studio Solution File, Format Version 12.00
# Visual Studio 2017
Project("{FAE04EC0-301F-11D3-BF4B-00C04F79EFBC}") = "OSC", "OSC.csproj", "{500E179D-37ED-96AD-84D7-B50CBD70C93C}"
EndProject
Project("{FAE04EC0-301F-11D3-BF4B-00C04F79EFBC}") = "OSC.Editor", "OSC.Editor.csproj", "{961323C3-C93A-3457-3BFB-BED948EDF333}"
EndProject
Global
	GlobalSection(SolutionConfigurationPlatforms) = preSolution
		Debug|Any CPU = Debug|Any CPU
		Release|Any CPU = Release|Any CPU
	EndGlobalSection
	GlobalSection(ProjectConfigurationPlatforms) = postSolution
		{500E179D-37ED-96AD-84D7-B50CBD70C93C}.Debug|Any CPU.ActiveCfg = Debug|Any CPU
		{500E179D-37ED-96AD-84D7-B50CBD70C93C}.Debug|Any CPU.Build.0 = Debug|Any CPU
		{500E179D-37ED-96AD-84D7-B50CBD70C93C}.Release|Any CPU.ActiveCfg = Release|Any CPU
		{500E179D-37ED-96AD-84D7-B50CBD70C93C}.Release|Any CPU.Build.0 = Release|Any CPU
		{961323C3-C93A-3457-3BFB-BED948EDF333}.Debug|Any CPU.ActiveCfg = Debug|Any CPU
		{961323C3-C93A-3457-3BFB-BED948EDF333}.Debug|Any CPU.Build.0 = Debug|Any CPU
		{961323C3-C93A-3457-3BFB-BED948EDF333}.Release|Any CPU.ActiveCfg = Release|Any CPU
		{961323C3-C93A-3457-3BFB-BED948EDF333}.Release|Any CPU.Build.0 = Release|Any CPU
	EndGlobalSection
	GlobalSection(SolutionProperties) = preSolution
		HideSolutionNode = FALSE
	EndGlobalSection
EndGlobal
